// !$*UTF8*$!
{
	archiveVersion = 1;
	classes = {
	};
	objectVersion = 50;
	objects = {

/* Begin PBXBuildFile section */
		BDF680AF21952CE800DB1D60 /* AppDelegate.swift in Sources */ = {isa = PBXBuildFile; fileRef = BDF680AE21952CE800DB1D60 /* AppDelegate.swift */; };
		BDF680B121952CE800DB1D60 /* ViewController.swift in Sources */ = {isa = PBXBuildFile; fileRef = BDF680B021952CE800DB1D60 /* ViewController.swift */; };
		BDF680B421952CE800DB1D60 /* Main.storyboard in Resources */ = {isa = PBXBuildFile; fileRef = BDF680B221952CE800DB1D60 /* Main.storyboard */; };
		BDF680B621952CEC00DB1D60 /* Assets.xcassets in Resources */ = {isa = PBXBuildFile; fileRef = BDF680B521952CEC00DB1D60 /* Assets.xcassets */; };
		BDF680B921952CEC00DB1D60 /* LaunchScreen.storyboard in Resources */ = {isa = PBXBuildFile; fileRef = BDF680B721952CEC00DB1D60 /* LaunchScreen.storyboard */; };
		BDF680C421952CEC00DB1D60 /* SingleViewTests.swift in Sources */ = {isa = PBXBuildFile; fileRef = BDF680C321952CEC00DB1D60 /* SingleViewTests.swift */; };
		BDF680CF21952CEC00DB1D60 /* SingleViewUITests.swift in Sources */ = {isa = PBXBuildFile; fileRef = BDF680CE21952CEC00DB1D60 /* SingleViewUITests.swift */; };
		BDF680DD2195943600DB1D60 /* img.png in Resources */ = {isa = PBXBuildFile; fileRef = BDF680DC2195943600DB1D60 /* img.png */; };
/* End PBXBuildFile section */

/* Begin PBXContainerItemProxy section */
		BDF680C021952CEC00DB1D60 /* PBXContainerItemProxy */ = {
			isa = PBXContainerItemProxy;
			containerPortal = BDF680A321952CE800DB1D60 /* Project object */;
			proxyType = 1;
			remoteGlobalIDString = BDF680AA21952CE800DB1D60;
			remoteInfo = SingleView;
		};
		BDF680CB21952CEC00DB1D60 /* PBXContainerItemProxy */ = {
			isa = PBXContainerItemProxy;
			containerPortal = BDF680A321952CE800DB1D60 /* Project object */;
			proxyType = 1;
			remoteGlobalIDString = BDF680AA21952CE800DB1D60;
			remoteInfo = SingleView;
		};
/* End PBXContainerItemProxy section */

/* Begin PBXFileReference section */
		BDF680AB21952CE800DB1D60 /* SingleView.app */ = {isa = PBXFileReference; explicitFileType = wrapper.application; includeInIndex = 0; path = SingleView.app; sourceTree = BUILT_PRODUCTS_DIR; };
		BDF680AE21952CE800DB1D60 /* AppDelegate.swift */ = {isa = PBXFileReference; lastKnownFileType = sourcecode.swift; path = AppDelegate.swift; sourceTree = "<group>"; };
		BDF680B021952CE800DB1D60 /* ViewController.swift */ = {isa = PBXFileReference; lastKnownFileType = sourcecode.swift; path = ViewController.swift; sourceTree = "<group>"; };
		BDF680B321952CE800DB1D60 /* Base */ = {isa = PBXFileReference; lastKnownFileType = file.storyboard; name = Base; path = Base.lproj/Main.storyboard; sourceTree = "<group>"; };
		BDF680B521952CEC00DB1D60 /* Assets.xcassets */ = {isa = PBXFileReference; lastKnownFileType = folder.assetcatalog; path = Assets.xcassets; sourceTree = "<group>"; };
		BDF680B821952CEC00DB1D60 /* Base */ = {isa = PBXFileReference; lastKnownFileType = file.storyboard; name = Base; path = Base.lproj/LaunchScreen.storyboard; sourceTree = "<group>"; };
		BDF680BA21952CEC00DB1D60 /* Info.plist */ = {isa = PBXFileReference; lastKnownFileType = text.plist.xml; path = Info.plist; sourceTree = "<group>"; };
		BDF680BF21952CEC00DB1D60 /* SingleViewTests.xctest */ = {isa = PBXFileReference; explicitFileType = wrapper.cfbundle; includeInIndex = 0; path = SingleViewTests.xctest; sourceTree = BUILT_PRODUCTS_DIR; };
		BDF680C321952CEC00DB1D60 /* SingleViewTests.swift */ = {isa = PBXFileReference; lastKnownFileType = sourcecode.swift; path = SingleViewTests.swift; sourceTree = "<group>"; };
		BDF680C521952CEC00DB1D60 /* Info.plist */ = {isa = PBXFileReference; lastKnownFileType = text.plist.xml; path = Info.plist; sourceTree = "<group>"; };
		BDF680CA21952CEC00DB1D60 /* SingleViewUITests.xctest */ = {isa = PBXFileReference; explicitFileType = wrapper.cfbundle; includeInIndex = 0; path = SingleViewUITests.xctest; sourceTree = BUILT_PRODUCTS_DIR; };
		BDF680CE21952CEC00DB1D60 /* SingleViewUITests.swift */ = {isa = PBXFileReference; lastKnownFileType = sourcecode.swift; path = SingleViewUITests.swift; sourceTree = "<group>"; };
		BDF680D021952CEC00DB1D60 /* Info.plist */ = {isa = PBXFileReference; lastKnownFileType = text.plist.xml; path = Info.plist; sourceTree = "<group>"; };
		BDF680DC2195943600DB1D60 /* img.png */ = {isa = PBXFileReference; lastKnownFileType = image.png; path = img.png; sourceTree = "<group>"; };
/* End PBXFileReference section */

/* Begin PBXFrameworksBuildPhase section */
		BDF680A821952CE800DB1D60 /* Frameworks */ = {
			isa = PBXFrameworksBuildPhase;
			buildActionMask = 2147483647;
			files = (
			);
			runOnlyForDeploymentPostprocessing = 0;
		};
		BDF680BC21952CEC00DB1D60 /* Frameworks */ = {
			isa = PBXFrameworksBuildPhase;
			buildActionMask = 2147483647;
			files = (
			);
			runOnlyForDeploymentPostprocessing = 0;
		};
		BDF680C721952CEC00DB1D60 /* Frameworks */ = {
			isa = PBXFrameworksBuildPhase;
			buildActionMask = 2147483647;
			files = (
			);
			runOnlyForDeploymentPostprocessing = 0;
		};
/* End PBXFrameworksBuildPhase section */

/* Begin PBXGroup section */
		BDF680A221952CE800DB1D60 = {
			isa = PBXGroup;
			children = (
				BDF680AD21952CE800DB1D60 /* SingleView */,
				BDF680C221952CEC00DB1D60 /* SingleViewTests */,
				BDF680CD21952CEC00DB1D60 /* SingleViewUITests */,
				BDF680AC21952CE800DB1D60 /* Products */,
			);
			sourceTree = "<group>";
		};
		BDF680AC21952CE800DB1D60 /* Products */ = {
			isa = PBXGroup;
			children = (
				BDF680AB21952CE800DB1D60 /* SingleView.app */,
				BDF680BF21952CEC00DB1D60 /* SingleViewTests.xctest */,
				BDF680CA21952CEC00DB1D60 /* SingleViewUITests.xctest */,
			);
			name = Products;
			sourceTree = "<group>";
		};
		BDF680AD21952CE800DB1D60 /* SingleView */ = {
			isa = PBXGroup;
			children = (
				BDF680AE21952CE800DB1D60 /* AppDelegate.swift */,
				BDF680B021952CE800DB1D60 /* ViewController.swift */,
				BDF680B221952CE800DB1D60 /* Main.storyboard */,
				BDF680B521952CEC00DB1D60 /* Assets.xcassets */,
				BDF680DC2195943600DB1D60 /* img.png */,
				BDF680B721952CEC00DB1D60 /* LaunchScreen.storyboard */,
				BDF680BA21952CEC00DB1D60 /* Info.plist */,
			);
			path = SingleView;
			sourceTree = "<group>";
		};
		BDF680C221952CEC00DB1D60 /* SingleViewTests */ = {
			isa = PBXGroup;
			children = (
				BDF680C321952CEC00DB1D60 /* SingleViewTests.swift */,
				BDF680C521952CEC00DB1D60 /* Info.plist */,
			);
			path = SingleViewTests;
			sourceTree = "<group>";
		};
		BDF680CD21952CEC00DB1D60 /* SingleViewUITests */ = {
			isa = PBXGroup;
			children = (
				BDF680CE21952CEC00DB1D60 /* SingleViewUITests.swift */,
				BDF680D021952CEC00DB1D60 /* Info.plist */,
			);
			path = SingleViewUITests;
			sourceTree = "<group>";
		};
/* End PBXGroup section */

/* Begin PBXNativeTarget section */
		BDF680AA21952CE800DB1D60 /* SingleView */ = {
			isa = PBXNativeTarget;
			buildConfigurationList = BDF680D321952CEC00DB1D60 /* Build configuration list for PBXNativeTarget "SingleView" */;
			buildPhases = (
				BDF680A721952CE800DB1D60 /* Sources */,
				BDF680A821952CE800DB1D60 /* Frameworks */,
				BDF680A921952CE800DB1D60 /* Resources */,
			);
			buildRules = (
			);
			dependencies = (
			);
			name = SingleView;
			productName = SingleView;
			productReference = BDF680AB21952CE800DB1D60 /* SingleView.app */;
			productType = "com.apple.product-type.application";
		};
		BDF680BE21952CEC00DB1D60 /* SingleViewTests */ = {
			isa = PBXNativeTarget;
			buildConfigurationList = BDF680D621952CEC00DB1D60 /* Build configuration list for PBXNativeTarget "SingleViewTests" */;
			buildPhases = (
				BDF680BB21952CEC00DB1D60 /* Sources */,
				BDF680BC21952CEC00DB1D60 /* Frameworks */,
				BDF680BD21952CEC00DB1D60 /* Resources */,
			);
			buildRules = (
			);
			dependencies = (
				BDF680C121952CEC00DB1D60 /* PBXTargetDependency */,
			);
			name = SingleViewTests;
			productName = SingleViewTests;
			productReference = BDF680BF21952CEC00DB1D60 /* SingleViewTests.xctest */;
			productType = "com.apple.product-type.bundle.unit-test";
		};
		BDF680C921952CEC00DB1D60 /* SingleViewUITests */ = {
			isa = PBXNativeTarget;
			buildConfigurationList = BDF680D921952CEC00DB1D60 /* Build configuration list for PBXNativeTarget "SingleViewUITests" */;
			buildPhases = (
				BDF680C621952CEC00DB1D60 /* Sources */,
				BDF680C721952CEC00DB1D60 /* Frameworks */,
				BDF680C821952CEC00DB1D60 /* Resources */,
			);
			buildRules = (
			);
			dependencies = (
				BDF680CC21952CEC00DB1D60 /* PBXTargetDependency */,
			);
			name = SingleViewUITests;
			productName = SingleViewUITests;
			productReference = BDF680CA21952CEC00DB1D60 /* SingleViewUITests.xctest */;
			productType = "com.apple.product-type.bundle.ui-testing";
		};
/* End PBXNativeTarget section */

/* Begin PBXProject section */
		BDF680A321952CE800DB1D60 /* Project object */ = {
			isa = PBXProject;
			attributes = {
				LastSwiftUpdateCheck = 1010;
				LastUpgradeCheck = 1010;
				ORGANIZATIONNAME = biesx;
				TargetAttributes = {
					BDF680AA21952CE800DB1D60 = {
						CreatedOnToolsVersion = 10.1;
					};
					BDF680BE21952CEC00DB1D60 = {
						CreatedOnToolsVersion = 10.1;
						TestTargetID = BDF680AA21952CE800DB1D60;
					};
					BDF680C921952CEC00DB1D60 = {
						CreatedOnToolsVersion = 10.1;
						TestTargetID = BDF680AA21952CE800DB1D60;
					};
				};
			};
			buildConfigurationList = BDF680A621952CE800DB1D60 /* Build configuration list for PBXProject "SingleView" */;
			compatibilityVersion = "Xcode 9.3";
			developmentRegion = en;
			hasScannedForEncodings = 0;
			knownRegions = (
				en,
				Base,
			);
			mainGroup = BDF680A221952CE800DB1D60;
			productRefGroup = BDF680AC21952CE800DB1D60 /* Products */;
			projectDirPath = "";
			projectRoot = "";
			targets = (
				BDF680AA21952CE800DB1D60 /* SingleView */,
				BDF680BE21952CEC00DB1D60 /* SingleViewTests */,
				BDF680C921952CEC00DB1D60 /* SingleViewUITests */,
			);
		};
/* End PBXProject section */

/* Begin PBXResourcesBuildPhase section */
		BDF680A921952CE800DB1D60 /* Resources */ = {
			isa = PBXResourcesBuildPhase;
			buildActionMask = 2147483647;
			files = (
				BDF680B921952CEC00DB1D60 /* LaunchScreen.storyboard in Resources */,
				BDF680B621952CEC00DB1D60 /* Assets.xcassets in Resources */,
				BDF680B421952CE800DB1D60 /* Main.storyboard in Resources */,
				BDF680DD2195943600DB1D60 /* img.png in Resources */,
			);
			runOnlyForDeploymentPostprocessing = 0;
		};
		BDF680BD21952CEC00DB1D60 /* Resources */ = {
			isa = PBXResourcesBuildPhase;
			buildActionMask = 2147483647;
			files = (
			);
			runOnlyForDeploymentPostprocessing = 0;
		};
		BDF680C821952CEC00DB1D60 /* Resources */ = {
			isa = PBXResourcesBuildPhase;
			buildActionMask = 2147483647;
			files = (
			);
			runOnlyForDeploymentPostprocessing = 0;
		};
/* End PBXResourcesBuildPhase section */

/* Begin PBXSourcesBuildPhase section */
		BDF680A721952CE800DB1D60 /* Sources */ = {
			isa = PBXSourcesBuildPhase;
			buildActionMask = 2147483647;
			files = (
				BDF680B121952CE800DB1D60 /* ViewController.swift in Sources */,
				BDF680AF21952CE800DB1D60 /* AppDelegate.swift in Sources */,
			);
			runOnlyForDeploymentPostprocessing = 0;
		};
		BDF680BB21952CEC00DB1D60 /* Sources */ = {
			isa = PBXSourcesBuildPhase;
			buildActionMask = 2147483647;
			files = (
				BDF680C421952CEC00DB1D60 /* SingleViewTests.swift in Sources */,
			);
			runOnlyForDeploymentPostprocessing = 0;
		};
		BDF680C621952CEC00DB1D60 /* Sources */ = {
			isa = PBXSourcesBuildPhase;
			buildActionMask = 2147483647;
			files = (
				BDF680CF21952CEC00DB1D60 /* SingleViewUITests.swift in Sources */,
			);
			runOnlyForDeploymentPostprocessing = 0;
		};
/* End PBXSourcesBuildPhase section */

/* Begin PBXTargetDependency section */
		BDF680C121952CEC00DB1D60 /* PBXTargetDependency */ = {
			isa = PBXTargetDependency;
			target = BDF680AA21952CE800DB1D60 /* SingleView */;
			targetProxy = BDF680C021952CEC00DB1D60 /* PBXContainerItemProxy */;
		};
		BDF680CC21952CEC00DB1D60 /* PBXTargetDependency */ = {
			isa = PBXTargetDependency;
			target = BDF680AA21952CE800DB1D60 /* SingleView */;
			targetProxy = BDF680CB21952CEC00DB1D60 /* PBXContainerItemProxy */;
		};
/* End PBXTargetDependency section */

/* Begin PBXVariantGroup section */
		BDF680B221952CE800DB1D60 /* Main.storyboard */ = {
			isa = PBXVariantGroup;
			children = (
				BDF680B321952CE800DB1D60 /* Base */,
			);
			name = Main.storyboard;
			sourceTree = "<group>";
		};
		BDF680B721952CEC00DB1D60 /* LaunchScreen.storyboard */ = {
			isa = PBXVariantGroup;
			children = (
				BDF680B821952CEC00DB1D60 /* Base */,
			);
			name = LaunchScreen.storyboard;
			sourceTree = "<group>";
		};
/* End PBXVariantGroup section */

/* Begin XCBuildConfiguration section */
		BDF680D121952CEC00DB1D60 /* Debug */ = {
			isa = XCBuildConfiguration;
			buildSettings = {
				ALWAYS_SEARCH_USER_PATHS = NO;
				CLANG_ANALYZER_NONNULL = YES;
				CLANG_ANALYZER_NUMBER_OBJECT_CONVERSION = YES_AGGRESSIVE;
				CLANG_CXX_LANGUAGE_STANDARD = "gnu++14";
				CLANG_CXX_LIBRARY = "libc++";
				CLANG_ENABLE_MODULES = YES;
				CLANG_ENABLE_OBJC_ARC = YES;
				CLANG_ENABLE_OBJC_WEAK = YES;
				CLANG_WARN_BLOCK_CAPTURE_AUTORELEASING = YES;
				CLANG_WARN_BOOL_CONVERSION = YES;
				CLANG_WARN_COMMA = YES;
				CLANG_WARN_CONSTANT_CONVERSION = YES;
				CLANG_WARN_DEPRECATED_OBJC_IMPLEMENTATIONS = YES;
				CLANG_WARN_DIRECT_OBJC_ISA_USAGE = YES_ERROR;
				CLANG_WARN_DOCUMENTATION_COMMENTS = YES;
				CLANG_WARN_EMPTY_BODY = YES;
				CLANG_WARN_ENUM_CONVERSION = YES;
				CLANG_WARN_INFINITE_RECURSION = YES;
				CLANG_WARN_INT_CONVERSION = YES;
				CLANG_WARN_NON_LITERAL_NULL_CONVERSION = YES;
				CLANG_WARN_OBJC_IMPLICIT_RETAIN_SELF = YES;
				CLANG_WARN_OBJC_LITERAL_CONVERSION = YES;
				CLANG_WARN_OBJC_ROOT_CLASS = YES_ERROR;
				CLANG_WARN_RANGE_LOOP_ANALYSIS = YES;
				CLANG_WARN_STRICT_PROTOTYPES = YES;
				CLANG_WARN_SUSPICIOUS_MOVE = YES;
				CLANG_WARN_UNGUARDED_AVAILABILITY = YES_AGGRESSIVE;
				CLANG_WARN_UNREACHABLE_CODE = YES;
				CLANG_WARN__DUPLICATE_METHOD_MATCH = YES;
				CODE_SIGN_IDENTITY = "iPhone Developer";
				COPY_PHASE_STRIP = NO;
				DEBUG_INFORMATION_FORMAT = dwarf;
				ENABLE_STRICT_OBJC_MSGSEND = YES;
				ENABLE_TESTABILITY = YES;
				GCC_C_LANGUAGE_STANDARD = gnu11;
				GCC_DYNAMIC_NO_PIC = NO;
				GCC_NO_COMMON_BLOCKS = YES;
				GCC_OPTIMIZATION_LEVEL = 0;
				GCC_PREPROCESSOR_DEFINITIONS = (
					"DEBUG=1",
					"$(inherited)",
				);
				GCC_WARN_64_TO_32_BIT_CONVERSION = YES;
				GCC_WARN_ABOUT_RETURN_TYPE = YES_ERROR;
				GCC_WARN_UNDECLARED_SELECTOR = YES;
				GCC_WARN_UNINITIALIZED_AUTOS = YES_AGGRESSIVE;
				GCC_WARN_UNUSED_FUNCTION = YES;
				GCC_WARN_UNUSED_VARIABLE = YES;
				IPHONEOS_DEPLOYMENT_TARGET = 12.1;
				MTL_ENABLE_DEBUG_INFO = INCLUDE_SOURCE;
				MTL_FAST_MATH = YES;
				ONLY_ACTIVE_ARCH = YES;
				SDKROOT = iphoneos;
				SWIFT_ACTIVE_COMPILATION_CONDITIONS = DEBUG;
				SWIFT_OPTIMIZATION_LEVEL = "-Onone";
			};
			name = Debug;
		};
		BDF680D221952CEC00DB1D60 /* Release */ = {
			isa = XCBuildConfiguration;
			buildSettings = {
				ALWAYS_SEARCH_USER_PATHS = NO;
				CLANG_ANALYZER_NONNULL = YES;
				CLANG_ANALYZER_NUMBER_OBJECT_CONVERSION = YES_AGGRESSIVE;
				CLANG_CXX_LANGUAGE_STANDARD = "gnu++14";
				CLANG_CXX_LIBRARY = "libc++";
				CLANG_ENABLE_MODULES = YES;
				CLANG_ENABLE_OBJC_ARC = YES;
				CLANG_ENABLE_OBJC_WEAK = YES;
				CLANG_WARN_BLOCK_CAPTURE_AUTORELEASING = YES;
				CLANG_WARN_BOOL_CONVERSION = YES;
				CLANG_WARN_COMMA = YES;
				CLANG_WARN_CONSTANT_CONVERSION = YES;
				CLANG_WARN_DEPRECATED_OBJC_IMPLEMENTATIONS = YES;
				CLANG_WARN_DIRECT_OBJC_ISA_USAGE = YES_ERROR;
				CLANG_WARN_DOCUMENTATION_COMMENTS = YES;
				CLANG_WARN_EMPTY_BODY = YES;
				CLANG_WARN_ENUM_CONVERSION = YES;
				CLANG_WARN_INFINITE_RECURSION = YES;
				CLANG_WARN_INT_CONVERSION = YES;
				CLANG_WARN_NON_LITERAL_NULL_CONVERSION = YES;
				CLANG_WARN_OBJC_IMPLICIT_RETAIN_SELF = YES;
				CLANG_WARN_OBJC_LITERAL_CONVERSION = YES;
				CLANG_WARN_OBJC_ROOT_CLASS = YES_ERROR;
				CLANG_WARN_RANGE_LOOP_ANALYSIS = YES;
				CLANG_WARN_STRICT_PROTOTYPES = YES;
				CLANG_WARN_SUSPICIOUS_MOVE = YES;
				CLANG_WARN_UNGUARDED_AVAILABILITY = YES_AGGRESSIVE;
				CLANG_WARN_UNREACHABLE_CODE = YES;
				CLANG_WARN__DUPLICATE_METHOD_MATCH = YES;
				CODE_SIGN_IDENTITY = "iPhone Developer";
				COPY_PHASE_STRIP = NO;
				DEBUG_INFORMATION_FORMAT = "dwarf-with-dsym";
				ENABLE_NS_ASSERTIONS = NO;
				ENABLE_STRICT_OBJC_MSGSEND = YES;
				GCC_C_LANGUAGE_STANDARD = gnu11;
				GCC_NO_COMMON_BLOCKS = YES;
				GCC_WARN_64_TO_32_BIT_CONVERSION = YES;
				GCC_WARN_ABOUT_RETURN_TYPE = YES_ERROR;
				GCC_WARN_UNDECLARED_SELECTOR = YES;
				GCC_WARN_UNINITIALIZED_AUTOS = YES_AGGRESSIVE;
				GCC_WARN_UNUSED_FUNCTION = YES;
				GCC_WARN_UNUSED_VARIABLE = YES;
				IPHONEOS_DEPLOYMENT_TARGET = 12.1;
				MTL_ENABLE_DEBUG_INFO = NO;
				MTL_FAST_MATH = YES;
				SDKROOT = iphoneos;
				SWIFT_COMPILATION_MODE = wholemodule;
				SWIFT_OPTIMIZATION_LEVEL = "-O";
				VALIDATE_PRODUCT = YES;
			};
			name = Release;
		};
		BDF680D421952CEC00DB1D60 /* Debug */ = {
			isa = XCBuildConfiguration;
			buildSettings = {
				ASSETCATALOG_COMPILER_APPICON_NAME = AppIcon;
				CODE_SIGN_STYLE = Automatic;
				DEVELOPMENT_TEAM = H4PQW37M3H;
				INFOPLIST_FILE = SingleView/Info.plist;
				IPHONEOS_DEPLOYMENT_TARGET = 11.0;
				LD_RUNPATH_SEARCH_PATHS = (
					"$(inherited)",
					"@executable_path/Frameworks",
				);
				PRODUCT_BUNDLE_IDENTIFIER = bieshixuan.Test;
				PRODUCT_NAME = "$(TARGET_NAME)";
				SWIFT_VERSION = 4.2;
				TARGETED_DEVICE_FAMILY = "1,2";
			};
			name = Debug;
		};
		BDF680D521952CEC00DB1D60 /* Release */ = {
			isa = XCBuildConfiguration;
			buildSettings = {
				ASSETCATALOG_COMPILER_APPICON_NAME = AppIcon;
				CODE_SIGN_STYLE = Automatic;
				DEVELOPMENT_TEAM = H4PQW37M3H;
				INFOPLIST_FILE = SingleView/Info.plist;
				IPHONEOS_DEPLOYMENT_TARGET = 11.0;
				LD_RUNPATH_SEARCH_PATHS = (
					"$(inherited)",
					"@executable_path/Frameworks",
				);
				PRODUCT_BUNDLE_IDENTIFIER = bieshixuan.Test;
				PRODUCT_NAME = "$(TARGET_NAME)";
				SWIFT_VERSION = 4.2;
				TARGETED_DEVICE_FAMILY = "1,2";
			};
			name = Release;
		};
		BDF680D721952CEC00DB1D60 /* Debug */ = {
			isa = XCBuildConfiguration;
			buildSettings = {
				ALWAYS_EMBED_SWIFT_STANDARD_LIBRARIES = YES;
				BUNDLE_LOADER = "$(TEST_HOST)";
				CODE_SIGN_STYLE = Automatic;
				INFOPLIST_FILE = SingleViewTests/Info.plist;
				LD_RUNPATH_SEARCH_PATHS = (
					"$(inherited)",
					"@executable_path/Frameworks",
					"@loader_path/Frameworks",
				);
				PRODUCT_BUNDLE_IDENTIFIER = bieshixuan.SingleViewTests;
				PRODUCT_NAME = "$(TARGET_NAME)";
				SWIFT_VERSION = 4.2;
				TARGETED_DEVICE_FAMILY = "1,2";
				TEST_HOST = "$(BUILT_PRODUCTS_DIR)/SingleView.app/SingleView";
			};
			name = Debug;
		};
		BDF680D821952CEC00DB1D60 /* Release */ = {
			isa = XCBuildConfiguration;
			buildSettings = {
				ALWAYS_EMBED_SWIFT_STANDARD_LIBRARIES = YES;
				BUNDLE_LOADER = "$(TEST_HOST)";
				CODE_SIGN_STYLE = Automatic;
				INFOPLIST_FILE = SingleViewTests/Info.plist;
				LD_RUNPATH_SEARCH_PATHS = (
					"$(inherited)",
					"@executable_path/Frameworks",
					"@loader_path/Frameworks",
				);
				PRODUCT_BUNDLE_IDENTIFIER = bieshixuan.SingleViewTests;
				PRODUCT_NAME = "$(TARGET_NAME)";
				SWIFT_VERSION = 4.2;
				TARGETED_DEVICE_FAMILY = "1,2";
				TEST_HOST = "$(BUILT_PRODUCTS_DIR)/SingleView.app/SingleView";
			};
			name = Release;
		};
		BDF680DA21952CEC00DB1D60 /* Debug */ = {
			isa = XCBuildConfiguration;
			buildSettings = {
				ALWAYS_EMBED_SWIFT_STANDARD_LIBRARIES = YES;
				CODE_SIGN_STYLE = Automatic;
				INFOPLIST_FILE = SingleViewUITests/Info.plist;
				LD_RUNPATH_SEARCH_PATHS = (
					"$(inherited)",
					"@executable_path/Frameworks",
					"@loader_path/Frameworks",
				);
				PRODUCT_BUNDLE_IDENTIFIER = bieshixuan.SingleViewUITests;
				PRODUCT_NAME = "$(TARGET_NAME)";
				SWIFT_VERSION = 4.2;
				TARGETED_DEVICE_FAMILY = "1,2";
				TEST_TARGET_NAME = SingleView;
			};
			name = Debug;
		};
		BDF680DB21952CEC00DB1D60 /* Release */ = {
			isa = XCBuildConfiguration;
			buildSettings = {
				ALWAYS_EMBED_SWIFT_STANDARD_LIBRARIES = YES;
				CODE_SIGN_STYLE = Automatic;
				INFOPLIST_FILE = SingleViewUITests/Info.plist;
				LD_RUNPATH_SEARCH_PATHS = (
					"$(inherited)",
					"@executable_path/Frameworks",
					"@loader_path/Frameworks",
				);
				PRODUCT_BUNDLE_IDENTIFIER = bieshixuan.SingleViewUITests;
				PRODUCT_NAME = "$(TARGET_NAME)";
				SWIFT_VERSION = 4.2;
				TARGETED_DEVICE_FAMILY = "1,2";
				TEST_TARGET_NAME = SingleView;
			};
			name = Release;
		};
/* End XCBuildConfiguration section */

/* Begin XCConfigurationList section */
		BDF680A621952CE800DB1D60 /* Build configuration list for PBXProject "SingleView" */ = {
			isa = XCConfigurationList;
			buildConfigurations = (
				BDF680D121952CEC00DB1D60 /* Debug */,
				BDF680D221952CEC00DB1D60 /* Release */,
			);
			defaultConfigurationIsVisible = 0;
			defaultConfigurationName = Release;
		};
		BDF680D321952CEC00DB1D60 /* Build configuration list for PBXNativeTarget "SingleView" */ = {
			isa = XCConfigurationList;
			buildConfigurations = (
				BDF680D421952CEC00DB1D60 /* Debug */,
				BDF680D521952CEC00DB1D60 /* Release */,
			);
			defaultConfigurationIsVisible = 0;
			defaultConfigurationName = Release;
		};
		BDF680D621952CEC00DB1D60 /* Build configuration list for PBXNativeTarget "SingleViewTests" */ = {
			isa = XCConfigurationList;
			buildConfigurations = (
				BDF680D721952CEC00DB1D60 /* Debug */,
				BDF680D821952CEC00DB1D60 /* Release */,
			);
			defaultConfigurationIsVisible = 0;
			defaultConfigurationName = Release;
		};
		BDF680D921952CEC00DB1D60 /* Build configuration list for PBXNativeTarget "SingleViewUITests" */ = {
			isa = XCConfigurationList;
			buildConfigurations = (
				BDF680DA21952CEC00DB1D60 /* Debug */,
				BDF680DB21952CEC00DB1D60 /* Release */,
			);
			defaultConfigurationIsVisible = 0;
			defaultConfigurationName = Release;
		};
/* End XCConfigurationList section */
	};
	rootObject = BDF680A321952CE800DB1D60 /* Project object */;
}
