// !$*UTF8*$!
{
	archiveVersion = 1;
	classes = {
	};
	objectVersion = 50;
	objects = {

/* Begin PBXBuildFile section */
		5E06C8287954FA17758663EF /* Pods_AspectOrientedProgramming.framework in Frameworks */ = {isa = PBXBuildFile; fileRef = EA717B0C1FDC7F7604D6EC4F /* Pods_AspectOrientedProgramming.framework */; };
		BD7A78E020EB4FDE0093EB3B /* AppDelegate.swift in Sources */ = {isa = PBXBuildFile; fileRef = BD7A78DF20EB4FDE0093EB3B /* AppDelegate.swift */; };
		BD7A78E220EB4FDE0093EB3B /* ViewController.swift in Sources */ = {isa = PBXBuildFile; fileRef = BD7A78E120EB4FDE0093EB3B /* ViewController.swift */; };
		BD7A78E520EB4FDE0093EB3B /* Main.storyboard in Resources */ = {isa = PBXBuildFile; fileRef = BD7A78E320EB4FDE0093EB3B /* Main.storyboard */; };
		BD7A78E720EB4FE00093EB3B /* Assets.xcassets in Resources */ = {isa = PBXBuildFile; fileRef = BD7A78E620EB4FE00093EB3B /* Assets.xcassets */; };
		BD7A78EA20EB4FE00093EB3B /* LaunchScreen.storyboard in Resources */ = {isa = PBXBuildFile; fileRef = BD7A78E820EB4FE00093EB3B /* LaunchScreen.storyboard */; };
		BD7A78F520EB4FE00093EB3B /* AspectOrientedProgrammingTests.swift in Sources */ = {isa = PBXBuildFile; fileRef = BD7A78F420EB4FE00093EB3B /* AspectOrientedProgrammingTests.swift */; };
		BD7A790020EB4FE00093EB3B /* AspectOrientedProgrammingUITests.swift in Sources */ = {isa = PBXBuildFile; fileRef = BD7A78FF20EB4FE00093EB3B /* AspectOrientedProgrammingUITests.swift */; };
		BD7A791020ECBDDF0093EB3B /* Class1.swift in Sources */ = {isa = PBXBuildFile; fileRef = BD7A790F20ECBDDF0093EB3B /* Class1.swift */; };
		BD7A791220ECD1FD0093EB3B /* TableViewController.swift in Sources */ = {isa = PBXBuildFile; fileRef = BD7A791120ECD1FD0093EB3B /* TableViewController.swift */; };
		BD7A791620EDBFFC0093EB3B /* TrackManager.swift in Sources */ = {isa = PBXBuildFile; fileRef = BD7A791520EDBFFC0093EB3B /* TrackManager.swift */; };
		BD7A791A20EDC6AA0093EB3B /* trackList.csv in Resources */ = {isa = PBXBuildFile; fileRef = BD7A791920EDC6A90093EB3B /* trackList.csv */; };
		BD7A793520EE0F4E0093EB3B /* ActionReportManager.swift in Sources */ = {isa = PBXBuildFile; fileRef = BD7A793420EE0F4E0093EB3B /* ActionReportManager.swift */; };
/* End PBXBuildFile section */

/* Begin PBXContainerItemProxy section */
		BD7A78F120EB4FE00093EB3B /* PBXContainerItemProxy */ = {
			isa = PBXContainerItemProxy;
			containerPortal = BD7A78D420EB4FDE0093EB3B /* Project object */;
			proxyType = 1;
			remoteGlobalIDString = BD7A78DB20EB4FDE0093EB3B;
			remoteInfo = AspectOrientedProgramming;
		};
		BD7A78FC20EB4FE00093EB3B /* PBXContainerItemProxy */ = {
			isa = PBXContainerItemProxy;
			containerPortal = BD7A78D420EB4FDE0093EB3B /* Project object */;
			proxyType = 1;
			remoteGlobalIDString = BD7A78DB20EB4FDE0093EB3B;
			remoteInfo = AspectOrientedProgramming;
		};
/* End PBXContainerItemProxy section */

/* Begin PBXFileReference section */
		6E3F5CD08EBAA8A8918EDE82 /* Pods-AspectOrientedProgramming.debug.xcconfig */ = {isa = PBXFileReference; includeInIndex = 1; lastKnownFileType = text.xcconfig; name = "Pods-AspectOrientedProgramming.debug.xcconfig"; path = "Pods/Target Support Files/Pods-AspectOrientedProgramming/Pods-AspectOrientedProgramming.debug.xcconfig"; sourceTree = "<group>"; };
		BD7A78DC20EB4FDE0093EB3B /* AspectOrientedProgramming.app */ = {isa = PBXFileReference; explicitFileType = wrapper.application; includeInIndex = 0; path = AspectOrientedProgramming.app; sourceTree = BUILT_PRODUCTS_DIR; };
		BD7A78DF20EB4FDE0093EB3B /* AppDelegate.swift */ = {isa = PBXFileReference; lastKnownFileType = sourcecode.swift; path = AppDelegate.swift; sourceTree = "<group>"; };
		BD7A78E120EB4FDE0093EB3B /* ViewController.swift */ = {isa = PBXFileReference; lastKnownFileType = sourcecode.swift; path = ViewController.swift; sourceTree = "<group>"; };
		BD7A78E420EB4FDE0093EB3B /* Base */ = {isa = PBXFileReference; lastKnownFileType = file.storyboard; name = Base; path = Base.lproj/Main.storyboard; sourceTree = "<group>"; };
		BD7A78E620EB4FE00093EB3B /* Assets.xcassets */ = {isa = PBXFileReference; lastKnownFileType = folder.assetcatalog; path = Assets.xcassets; sourceTree = "<group>"; };
		BD7A78E920EB4FE00093EB3B /* Base */ = {isa = PBXFileReference; lastKnownFileType = file.storyboard; name = Base; path = Base.lproj/LaunchScreen.storyboard; sourceTree = "<group>"; };
		BD7A78EB20EB4FE00093EB3B /* Info.plist */ = {isa = PBXFileReference; lastKnownFileType = text.plist.xml; path = Info.plist; sourceTree = "<group>"; };
		BD7A78F020EB4FE00093EB3B /* AspectOrientedProgrammingTests.xctest */ = {isa = PBXFileReference; explicitFileType = wrapper.cfbundle; includeInIndex = 0; path = AspectOrientedProgrammingTests.xctest; sourceTree = BUILT_PRODUCTS_DIR; };
		BD7A78F420EB4FE00093EB3B /* AspectOrientedProgrammingTests.swift */ = {isa = PBXFileReference; lastKnownFileType = sourcecode.swift; path = AspectOrientedProgrammingTests.swift; sourceTree = "<group>"; };
		BD7A78F620EB4FE00093EB3B /* Info.plist */ = {isa = PBXFileReference; lastKnownFileType = text.plist.xml; path = Info.plist; sourceTree = "<group>"; };
		BD7A78FB20EB4FE00093EB3B /* AspectOrientedProgrammingUITests.xctest */ = {isa = PBXFileReference; explicitFileType = wrapper.cfbundle; includeInIndex = 0; path = AspectOrientedProgrammingUITests.xctest; sourceTree = BUILT_PRODUCTS_DIR; };
		BD7A78FF20EB4FE00093EB3B /* AspectOrientedProgrammingUITests.swift */ = {isa = PBXFileReference; lastKnownFileType = sourcecode.swift; path = AspectOrientedProgrammingUITests.swift; sourceTree = "<group>"; };
		BD7A790120EB4FE00093EB3B /* Info.plist */ = {isa = PBXFileReference; lastKnownFileType = text.plist.xml; path = Info.plist; sourceTree = "<group>"; };
		BD7A790F20ECBDDF0093EB3B /* Class1.swift */ = {isa = PBXFileReference; lastKnownFileType = sourcecode.swift; path = Class1.swift; sourceTree = "<group>"; };
		BD7A791120ECD1FD0093EB3B /* TableViewController.swift */ = {isa = PBXFileReference; lastKnownFileType = sourcecode.swift; path = TableViewController.swift; sourceTree = "<group>"; };
		BD7A791520EDBFFC0093EB3B /* TrackManager.swift */ = {isa = PBXFileReference; lastKnownFileType = sourcecode.swift; path = TrackManager.swift; sourceTree = "<group>"; };
		BD7A791920EDC6A90093EB3B /* trackList.csv */ = {isa = PBXFileReference; fileEncoding = 4; lastKnownFileType = text; path = trackList.csv; sourceTree = "<group>"; };
		BD7A793420EE0F4E0093EB3B /* ActionReportManager.swift */ = {isa = PBXFileReference; lastKnownFileType = sourcecode.swift; path = ActionReportManager.swift; sourceTree = "<group>"; };
		EA717B0C1FDC7F7604D6EC4F /* Pods_AspectOrientedProgramming.framework */ = {isa = PBXFileReference; explicitFileType = wrapper.framework; includeInIndex = 0; path = Pods_AspectOrientedProgramming.framework; sourceTree = BUILT_PRODUCTS_DIR; };
		F70F8756309BC4211EBEE392 /* Pods-AspectOrientedProgramming.release.xcconfig */ = {isa = PBXFileReference; includeInIndex = 1; lastKnownFileType = text.xcconfig; name = "Pods-AspectOrientedProgramming.release.xcconfig"; path = "Pods/Target Support Files/Pods-AspectOrientedProgramming/Pods-AspectOrientedProgramming.release.xcconfig"; sourceTree = "<group>"; };
/* End PBXFileReference section */

/* Begin PBXFrameworksBuildPhase section */
		BD7A78D920EB4FDE0093EB3B /* Frameworks */ = {
			isa = PBXFrameworksBuildPhase;
			buildActionMask = 2147483647;
			files = (
				5E06C8287954FA17758663EF /* Pods_AspectOrientedProgramming.framework in Frameworks */,
			);
			runOnlyForDeploymentPostprocessing = 0;
		};
		BD7A78ED20EB4FE00093EB3B /* Frameworks */ = {
			isa = PBXFrameworksBuildPhase;
			buildActionMask = 2147483647;
			files = (
			);
			runOnlyForDeploymentPostprocessing = 0;
		};
		BD7A78F820EB4FE00093EB3B /* Frameworks */ = {
			isa = PBXFrameworksBuildPhase;
			buildActionMask = 2147483647;
			files = (
			);
			runOnlyForDeploymentPostprocessing = 0;
		};
/* End PBXFrameworksBuildPhase section */

/* Begin PBXGroup section */
		716C7C7135F0B40BEDC76CD9 /* Pods */ = {
			isa = PBXGroup;
			children = (
				6E3F5CD08EBAA8A8918EDE82 /* Pods-AspectOrientedProgramming.debug.xcconfig */,
				F70F8756309BC4211EBEE392 /* Pods-AspectOrientedProgramming.release.xcconfig */,
			);
			name = Pods;
			sourceTree = "<group>";
		};
		BD7A78D320EB4FDE0093EB3B = {
			isa = PBXGroup;
			children = (
				BD7A78DE20EB4FDE0093EB3B /* AspectOrientedProgramming */,
				BD7A78F320EB4FE00093EB3B /* AspectOrientedProgrammingTests */,
				BD7A78FE20EB4FE00093EB3B /* AspectOrientedProgrammingUITests */,
				BD7A78DD20EB4FDE0093EB3B /* Products */,
				716C7C7135F0B40BEDC76CD9 /* Pods */,
				C9CEDB398C4FB118BF86B23C /* Frameworks */,
			);
			sourceTree = "<group>";
		};
		BD7A78DD20EB4FDE0093EB3B /* Products */ = {
			isa = PBXGroup;
			children = (
				BD7A78DC20EB4FDE0093EB3B /* AspectOrientedProgramming.app */,
				BD7A78F020EB4FE00093EB3B /* AspectOrientedProgrammingTests.xctest */,
				BD7A78FB20EB4FE00093EB3B /* AspectOrientedProgrammingUITests.xctest */,
			);
			name = Products;
			sourceTree = "<group>";
		};
		BD7A78DE20EB4FDE0093EB3B /* AspectOrientedProgramming */ = {
			isa = PBXGroup;
			children = (
				BD7A793620EE0F7D0093EB3B /* TrackManager */,
				BD7A78DF20EB4FDE0093EB3B /* AppDelegate.swift */,
				BD7A78E120EB4FDE0093EB3B /* ViewController.swift */,
				BD7A791120ECD1FD0093EB3B /* TableViewController.swift */,
				BD7A790F20ECBDDF0093EB3B /* Class1.swift */,
				BD7A78E320EB4FDE0093EB3B /* Main.storyboard */,
				BD7A78E620EB4FE00093EB3B /* Assets.xcassets */,
				BD7A78E820EB4FE00093EB3B /* LaunchScreen.storyboard */,
				BD7A78EB20EB4FE00093EB3B /* Info.plist */,
			);
			path = AspectOrientedProgramming;
			sourceTree = "<group>";
		};
		BD7A78F320EB4FE00093EB3B /* AspectOrientedProgrammingTests */ = {
			isa = PBXGroup;
			children = (
				BD7A78F420EB4FE00093EB3B /* AspectOrientedProgrammingTests.swift */,
				BD7A78F620EB4FE00093EB3B /* Info.plist */,
			);
			path = AspectOrientedProgrammingTests;
			sourceTree = "<group>";
		};
		BD7A78FE20EB4FE00093EB3B /* AspectOrientedProgrammingUITests */ = {
			isa = PBXGroup;
			children = (
				BD7A78FF20EB4FE00093EB3B /* AspectOrientedProgrammingUITests.swift */,
				BD7A790120EB4FE00093EB3B /* Info.plist */,
			);
			path = AspectOrientedProgrammingUITests;
			sourceTree = "<group>";
		};
		BD7A793620EE0F7D0093EB3B /* TrackManager */ = {
			isa = PBXGroup;
			children = (
				BD7A791920EDC6A90093EB3B /* trackList.csv */,
				BD7A793420EE0F4E0093EB3B /* ActionReportManager.swift */,
				BD7A791520EDBFFC0093EB3B /* TrackManager.swift */,
			);
			path = TrackManager;
			sourceTree = "<group>";
		};
		C9CEDB398C4FB118BF86B23C /* Frameworks */ = {
			isa = PBXGroup;
			children = (
				EA717B0C1FDC7F7604D6EC4F /* Pods_AspectOrientedProgramming.framework */,
			);
			name = Frameworks;
			sourceTree = "<group>";
		};
/* End PBXGroup section */

/* Begin PBXNativeTarget section */
		BD7A78DB20EB4FDE0093EB3B /* AspectOrientedProgramming */ = {
			isa = PBXNativeTarget;
			buildConfigurationList = BD7A790420EB4FE00093EB3B /* Build configuration list for PBXNativeTarget "AspectOrientedProgramming" */;
			buildPhases = (
				2EE52ECE9A61FCFB60C2FD67 /* [CP] Check Pods Manifest.lock */,
				BD7A78D820EB4FDE0093EB3B /* Sources */,
				BD7A78D920EB4FDE0093EB3B /* Frameworks */,
				BD7A78DA20EB4FDE0093EB3B /* Resources */,
				85C69D242549022635B9D815 /* [CP] Embed Pods Frameworks */,
			);
			buildRules = (
			);
			dependencies = (
			);
			name = AspectOrientedProgramming;
			productName = AspectOrientedProgramming;
			productReference = BD7A78DC20EB4FDE0093EB3B /* AspectOrientedProgramming.app */;
			productType = "com.apple.product-type.application";
		};
		BD7A78EF20EB4FE00093EB3B /* AspectOrientedProgrammingTests */ = {
			isa = PBXNativeTarget;
			buildConfigurationList = BD7A790720EB4FE00093EB3B /* Build configuration list for PBXNativeTarget "AspectOrientedProgrammingTests" */;
			buildPhases = (
				BD7A78EC20EB4FE00093EB3B /* Sources */,
				BD7A78ED20EB4FE00093EB3B /* Frameworks */,
				BD7A78EE20EB4FE00093EB3B /* Resources */,
			);
			buildRules = (
			);
			dependencies = (
				BD7A78F220EB4FE00093EB3B /* PBXTargetDependency */,
			);
			name = AspectOrientedProgrammingTests;
			productName = AspectOrientedProgrammingTests;
			productReference = BD7A78F020EB4FE00093EB3B /* AspectOrientedProgrammingTests.xctest */;
			productType = "com.apple.product-type.bundle.unit-test";
		};
		BD7A78FA20EB4FE00093EB3B /* AspectOrientedProgrammingUITests */ = {
			isa = PBXNativeTarget;
			buildConfigurationList = BD7A790A20EB4FE00093EB3B /* Build configuration list for PBXNativeTarget "AspectOrientedProgrammingUITests" */;
			buildPhases = (
				BD7A78F720EB4FE00093EB3B /* Sources */,
				BD7A78F820EB4FE00093EB3B /* Frameworks */,
				BD7A78F920EB4FE00093EB3B /* Resources */,
			);
			buildRules = (
			);
			dependencies = (
				BD7A78FD20EB4FE00093EB3B /* PBXTargetDependency */,
			);
			name = AspectOrientedProgrammingUITests;
			productName = AspectOrientedProgrammingUITests;
			productReference = BD7A78FB20EB4FE00093EB3B /* AspectOrientedProgrammingUITests.xctest */;
			productType = "com.apple.product-type.bundle.ui-testing";
		};
/* End PBXNativeTarget section */

/* Begin PBXProject section */
		BD7A78D420EB4FDE0093EB3B /* Project object */ = {
			isa = PBXProject;
			attributes = {
				LastSwiftUpdateCheck = 0940;
				LastUpgradeCheck = 0940;
				ORGANIZATIONNAME = biesx;
				TargetAttributes = {
					BD7A78DB20EB4FDE0093EB3B = {
						CreatedOnToolsVersion = 9.4.1;
					};
					BD7A78EF20EB4FE00093EB3B = {
						CreatedOnToolsVersion = 9.4.1;
						TestTargetID = BD7A78DB20EB4FDE0093EB3B;
					};
					BD7A78FA20EB4FE00093EB3B = {
						CreatedOnToolsVersion = 9.4.1;
						TestTargetID = BD7A78DB20EB4FDE0093EB3B;
					};
				};
			};
			buildConfigurationList = BD7A78D720EB4FDE0093EB3B /* Build configuration list for PBXProject "AspectOrientedProgramming" */;
			compatibilityVersion = "Xcode 9.3";
			developmentRegion = en;
			hasScannedForEncodings = 0;
			knownRegions = (
				en,
				Base,
			);
			mainGroup = BD7A78D320EB4FDE0093EB3B;
			productRefGroup = BD7A78DD20EB4FDE0093EB3B /* Products */;
			projectDirPath = "";
			projectRoot = "";
			targets = (
				BD7A78DB20EB4FDE0093EB3B /* AspectOrientedProgramming */,
				BD7A78EF20EB4FE00093EB3B /* AspectOrientedProgrammingTests */,
				BD7A78FA20EB4FE00093EB3B /* AspectOrientedProgrammingUITests */,
			);
		};
/* End PBXProject section */

/* Begin PBXResourcesBuildPhase section */
		BD7A78DA20EB4FDE0093EB3B /* Resources */ = {
			isa = PBXResourcesBuildPhase;
			buildActionMask = 2147483647;
			files = (
				BD7A791A20EDC6AA0093EB3B /* trackList.csv in Resources */,
				BD7A78EA20EB4FE00093EB3B /* LaunchScreen.storyboard in Resources */,
				BD7A78E720EB4FE00093EB3B /* Assets.xcassets in Resources */,
				BD7A78E520EB4FDE0093EB3B /* Main.storyboard in Resources */,
			);
			runOnlyForDeploymentPostprocessing = 0;
		};
		BD7A78EE20EB4FE00093EB3B /* Resources */ = {
			isa = PBXResourcesBuildPhase;
			buildActionMask = 2147483647;
			files = (
			);
			runOnlyForDeploymentPostprocessing = 0;
		};
		BD7A78F920EB4FE00093EB3B /* Resources */ = {
			isa = PBXResourcesBuildPhase;
			buildActionMask = 2147483647;
			files = (
			);
			runOnlyForDeploymentPostprocessing = 0;
		};
/* End PBXResourcesBuildPhase section */

/* Begin PBXShellScriptBuildPhase section */
		2EE52ECE9A61FCFB60C2FD67 /* [CP] Check Pods Manifest.lock */ = {
			isa = PBXShellScriptBuildPhase;
			buildActionMask = 2147483647;
			files = (
			);
			inputPaths = (
				"${PODS_PODFILE_DIR_PATH}/Podfile.lock",
				"${PODS_ROOT}/Manifest.lock",
			);
			name = "[CP] Check Pods Manifest.lock";
			outputPaths = (
				"$(DERIVED_FILE_DIR)/Pods-AspectOrientedProgramming-checkManifestLockResult.txt",
			);
			runOnlyForDeploymentPostprocessing = 0;
			shellPath = /bin/sh;
			shellScript = "diff \"${PODS_PODFILE_DIR_PATH}/Podfile.lock\" \"${PODS_ROOT}/Manifest.lock\" > /dev/null\nif [ $? != 0 ] ; then\n    # print error to STDERR\n    echo \"error: The sandbox is not in sync with the Podfile.lock. Run 'pod install' or update your CocoaPods installation.\" >&2\n    exit 1\nfi\n# This output is used by Xcode 'outputs' to avoid re-running this script phase.\necho \"SUCCESS\" > \"${SCRIPT_OUTPUT_FILE_0}\"\n";
			showEnvVarsInLog = 0;
		};
		85C69D242549022635B9D815 /* [CP] Embed Pods Frameworks */ = {
			isa = PBXShellScriptBuildPhase;
			buildActionMask = 2147483647;
			files = (
			);
			inputPaths = (
				"${SRCROOT}/Pods/Target Support Files/Pods-AspectOrientedProgramming/Pods-AspectOrientedProgramming-frameworks.sh",
				"${BUILT_PRODUCTS_DIR}/Aspects/Aspects.framework",
			);
			name = "[CP] Embed Pods Frameworks";
			outputPaths = (
				"${TARGET_BUILD_DIR}/${FRAMEWORKS_FOLDER_PATH}/Aspects.framework",
			);
			runOnlyForDeploymentPostprocessing = 0;
			shellPath = /bin/sh;
			shellScript = "\"${SRCROOT}/Pods/Target Support Files/Pods-AspectOrientedProgramming/Pods-AspectOrientedProgramming-frameworks.sh\"\n";
			showEnvVarsInLog = 0;
		};
/* End PBXShellScriptBuildPhase section */

/* Begin PBXSourcesBuildPhase section */
		BD7A78D820EB4FDE0093EB3B /* Sources */ = {
			isa = PBXSourcesBuildPhase;
			buildActionMask = 2147483647;
			files = (
				BD7A791020ECBDDF0093EB3B /* Class1.swift in Sources */,
				BD7A78E220EB4FDE0093EB3B /* ViewController.swift in Sources */,
				BD7A791620EDBFFC0093EB3B /* TrackManager.swift in Sources */,
				BD7A78E020EB4FDE0093EB3B /* AppDelegate.swift in Sources */,
				BD7A791220ECD1FD0093EB3B /* TableViewController.swift in Sources */,
				BD7A793520EE0F4E0093EB3B /* ActionReportManager.swift in Sources */,
			);
			runOnlyForDeploymentPostprocessing = 0;
		};
		BD7A78EC20EB4FE00093EB3B /* Sources */ = {
			isa = PBXSourcesBuildPhase;
			buildActionMask = 2147483647;
			files = (
				BD7A78F520EB4FE00093EB3B /* AspectOrientedProgrammingTests.swift in Sources */,
			);
			runOnlyForDeploymentPostprocessing = 0;
		};
		BD7A78F720EB4FE00093EB3B /* Sources */ = {
			isa = PBXSourcesBuildPhase;
			buildActionMask = 2147483647;
			files = (
				BD7A790020EB4FE00093EB3B /* AspectOrientedProgrammingUITests.swift in Sources */,
			);
			runOnlyForDeploymentPostprocessing = 0;
		};
/* End PBXSourcesBuildPhase section */

/* Begin PBXTargetDependency section */
		BD7A78F220EB4FE00093EB3B /* PBXTargetDependency */ = {
			isa = PBXTargetDependency;
			target = BD7A78DB20EB4FDE0093EB3B /* AspectOrientedProgramming */;
			targetProxy = BD7A78F120EB4FE00093EB3B /* PBXContainerItemProxy */;
		};
		BD7A78FD20EB4FE00093EB3B /* PBXTargetDependency */ = {
			isa = PBXTargetDependency;
			target = BD7A78DB20EB4FDE0093EB3B /* AspectOrientedProgramming */;
			targetProxy = BD7A78FC20EB4FE00093EB3B /* PBXContainerItemProxy */;
		};
/* End PBXTargetDependency section */

/* Begin PBXVariantGroup section */
		BD7A78E320EB4FDE0093EB3B /* Main.storyboard */ = {
			isa = PBXVariantGroup;
			children = (
				BD7A78E420EB4FDE0093EB3B /* Base */,
			);
			name = Main.storyboard;
			sourceTree = "<group>";
		};
		BD7A78E820EB4FE00093EB3B /* LaunchScreen.storyboard */ = {
			isa = PBXVariantGroup;
			children = (
				BD7A78E920EB4FE00093EB3B /* Base */,
			);
			name = LaunchScreen.storyboard;
			sourceTree = "<group>";
		};
/* End PBXVariantGroup section */

/* Begin XCBuildConfiguration section */
		BD7A790220EB4FE00093EB3B /* Debug */ = {
			isa = XCBuildConfiguration;
			buildSettings = {
				ALWAYS_SEARCH_USER_PATHS = NO;
				CLANG_ANALYZER_NONNULL = YES;
				CLANG_ANALYZER_NUMBER_OBJECT_CONVERSION = YES_AGGRESSIVE;
				CLANG_CXX_LANGUAGE_STANDARD = "gnu++14";
				CLANG_CXX_LIBRARY = "libc++";
				CLANG_ENABLE_MODULES = YES;
				CLANG_ENABLE_OBJC_ARC = YES;
				CLANG_ENABLE_OBJC_WEAK = YES;
				CLANG_WARN_BLOCK_CAPTURE_AUTORELEASING = YES;
				CLANG_WARN_BOOL_CONVERSION = YES;
				CLANG_WARN_COMMA = YES;
				CLANG_WARN_CONSTANT_CONVERSION = YES;
				CLANG_WARN_DEPRECATED_OBJC_IMPLEMENTATIONS = YES;
				CLANG_WARN_DIRECT_OBJC_ISA_USAGE = YES_ERROR;
				CLANG_WARN_DOCUMENTATION_COMMENTS = YES;
				CLANG_WARN_EMPTY_BODY = YES;
				CLANG_WARN_ENUM_CONVERSION = YES;
				CLANG_WARN_INFINITE_RECURSION = YES;
				CLANG_WARN_INT_CONVERSION = YES;
				CLANG_WARN_NON_LITERAL_NULL_CONVERSION = YES;
				CLANG_WARN_OBJC_IMPLICIT_RETAIN_SELF = YES;
				CLANG_WARN_OBJC_LITERAL_CONVERSION = YES;
				CLANG_WARN_OBJC_ROOT_CLASS = YES_ERROR;
				CLANG_WARN_RANGE_LOOP_ANALYSIS = YES;
				CLANG_WARN_STRICT_PROTOTYPES = YES;
				CLANG_WARN_SUSPICIOUS_MOVE = YES;
				CLANG_WARN_UNGUARDED_AVAILABILITY = YES_AGGRESSIVE;
				CLANG_WARN_UNREACHABLE_CODE = YES;
				CLANG_WARN__DUPLICATE_METHOD_MATCH = YES;
				CODE_SIGN_IDENTITY = "iPhone Developer";
				COPY_PHASE_STRIP = NO;
				DEBUG_INFORMATION_FORMAT = dwarf;
				ENABLE_STRICT_OBJC_MSGSEND = YES;
				ENABLE_TESTABILITY = YES;
				GCC_C_LANGUAGE_STANDARD = gnu11;
				GCC_DYNAMIC_NO_PIC = NO;
				GCC_NO_COMMON_BLOCKS = YES;
				GCC_OPTIMIZATION_LEVEL = 0;
				GCC_PREPROCESSOR_DEFINITIONS = (
					"DEBUG=1",
					"$(inherited)",
				);
				GCC_WARN_64_TO_32_BIT_CONVERSION = YES;
				GCC_WARN_ABOUT_RETURN_TYPE = YES_ERROR;
				GCC_WARN_UNDECLARED_SELECTOR = YES;
				GCC_WARN_UNINITIALIZED_AUTOS = YES_AGGRESSIVE;
				GCC_WARN_UNUSED_FUNCTION = YES;
				GCC_WARN_UNUSED_VARIABLE = YES;
				IPHONEOS_DEPLOYMENT_TARGET = 11.4;
				MTL_ENABLE_DEBUG_INFO = YES;
				ONLY_ACTIVE_ARCH = YES;
				SDKROOT = iphoneos;
				SWIFT_ACTIVE_COMPILATION_CONDITIONS = DEBUG;
				SWIFT_OPTIMIZATION_LEVEL = "-Onone";
				SWIFT_VERSION = 4.0;
			};
			name = Debug;
		};
		BD7A790320EB4FE00093EB3B /* Release */ = {
			isa = XCBuildConfiguration;
			buildSettings = {
				ALWAYS_SEARCH_USER_PATHS = NO;
				CLANG_ANALYZER_NONNULL = YES;
				CLANG_ANALYZER_NUMBER_OBJECT_CONVERSION = YES_AGGRESSIVE;
				CLANG_CXX_LANGUAGE_STANDARD = "gnu++14";
				CLANG_CXX_LIBRARY = "libc++";
				CLANG_ENABLE_MODULES = YES;
				CLANG_ENABLE_OBJC_ARC = YES;
				CLANG_ENABLE_OBJC_WEAK = YES;
				CLANG_WARN_BLOCK_CAPTURE_AUTORELEASING = YES;
				CLANG_WARN_BOOL_CONVERSION = YES;
				CLANG_WARN_COMMA = YES;
				CLANG_WARN_CONSTANT_CONVERSION = YES;
				CLANG_WARN_DEPRECATED_OBJC_IMPLEMENTATIONS = YES;
				CLANG_WARN_DIRECT_OBJC_ISA_USAGE = YES_ERROR;
				CLANG_WARN_DOCUMENTATION_COMMENTS = YES;
				CLANG_WARN_EMPTY_BODY = YES;
				CLANG_WARN_ENUM_CONVERSION = YES;
				CLANG_WARN_INFINITE_RECURSION = YES;
				CLANG_WARN_INT_CONVERSION = YES;
				CLANG_WARN_NON_LITERAL_NULL_CONVERSION = YES;
				CLANG_WARN_OBJC_IMPLICIT_RETAIN_SELF = YES;
				CLANG_WARN_OBJC_LITERAL_CONVERSION = YES;
				CLANG_WARN_OBJC_ROOT_CLASS = YES_ERROR;
				CLANG_WARN_RANGE_LOOP_ANALYSIS = YES;
				CLANG_WARN_STRICT_PROTOTYPES = YES;
				CLANG_WARN_SUSPICIOUS_MOVE = YES;
				CLANG_WARN_UNGUARDED_AVAILABILITY = YES_AGGRESSIVE;
				CLANG_WARN_UNREACHABLE_CODE = YES;
				CLANG_WARN__DUPLICATE_METHOD_MATCH = YES;
				CODE_SIGN_IDENTITY = "iPhone Developer";
				COPY_PHASE_STRIP = NO;
				DEBUG_INFORMATION_FORMAT = "dwarf-with-dsym";
				ENABLE_NS_ASSERTIONS = NO;
				ENABLE_STRICT_OBJC_MSGSEND = YES;
				GCC_C_LANGUAGE_STANDARD = gnu11;
				GCC_NO_COMMON_BLOCKS = YES;
				GCC_WARN_64_TO_32_BIT_CONVERSION = YES;
				GCC_WARN_ABOUT_RETURN_TYPE = YES_ERROR;
				GCC_WARN_UNDECLARED_SELECTOR = YES;
				GCC_WARN_UNINITIALIZED_AUTOS = YES_AGGRESSIVE;
				GCC_WARN_UNUSED_FUNCTION = YES;
				GCC_WARN_UNUSED_VARIABLE = YES;
				IPHONEOS_DEPLOYMENT_TARGET = 11.4;
				MTL_ENABLE_DEBUG_INFO = NO;
				SDKROOT = iphoneos;
				SWIFT_COMPILATION_MODE = wholemodule;
				SWIFT_OPTIMIZATION_LEVEL = "-O";
				SWIFT_VERSION = 4.0;
				VALIDATE_PRODUCT = YES;
			};
			name = Release;
		};
		BD7A790520EB4FE00093EB3B /* Debug */ = {
			isa = XCBuildConfiguration;
			baseConfigurationReference = 6E3F5CD08EBAA8A8918EDE82 /* Pods-AspectOrientedProgramming.debug.xcconfig */;
			buildSettings = {
				ASSETCATALOG_COMPILER_APPICON_NAME = AppIcon;
				CODE_SIGN_STYLE = Automatic;
				INFOPLIST_FILE = AspectOrientedProgramming/Info.plist;
				LD_RUNPATH_SEARCH_PATHS = (
					"$(inherited)",
					"@executable_path/Frameworks",
				);
				PRODUCT_BUNDLE_IDENTIFIER = bieshixuan.AspectOrientedProgramming;
				PRODUCT_NAME = "$(TARGET_NAME)";
				SWIFT_VERSION = 4.0;
				TARGETED_DEVICE_FAMILY = "1,2";
			};
			name = Debug;
		};
		BD7A790620EB4FE00093EB3B /* Release */ = {
			isa = XCBuildConfiguration;
			baseConfigurationReference = F70F8756309BC4211EBEE392 /* Pods-AspectOrientedProgramming.release.xcconfig */;
			buildSettings = {
				ASSETCATALOG_COMPILER_APPICON_NAME = AppIcon;
				CODE_SIGN_STYLE = Automatic;
				INFOPLIST_FILE = AspectOrientedProgramming/Info.plist;
				LD_RUNPATH_SEARCH_PATHS = (
					"$(inherited)",
					"@executable_path/Frameworks",
				);
				PRODUCT_BUNDLE_IDENTIFIER = bieshixuan.AspectOrientedProgramming;
				PRODUCT_NAME = "$(TARGET_NAME)";
				SWIFT_VERSION = 4.0;
				TARGETED_DEVICE_FAMILY = "1,2";
			};
			name = Release;
		};
		BD7A790820EB4FE00093EB3B /* Debug */ = {
			isa = XCBuildConfiguration;
			buildSettings = {
				ALWAYS_EMBED_SWIFT_STANDARD_LIBRARIES = YES;
				BUNDLE_LOADER = "$(TEST_HOST)";
				CODE_SIGN_STYLE = Automatic;
				INFOPLIST_FILE = AspectOrientedProgrammingTests/Info.plist;
				LD_RUNPATH_SEARCH_PATHS = (
					"$(inherited)",
					"@executable_path/Frameworks",
					"@loader_path/Frameworks",
				);
				PRODUCT_BUNDLE_IDENTIFIER = bieshixuan.AspectOrientedProgrammingTests;
				PRODUCT_NAME = "$(TARGET_NAME)";
				SWIFT_VERSION = 4.0;
				TARGETED_DEVICE_FAMILY = "1,2";
				TEST_HOST = "$(BUILT_PRODUCTS_DIR)/AspectOrientedProgramming.app/AspectOrientedProgramming";
			};
			name = Debug;
		};
		BD7A790920EB4FE00093EB3B /* Release */ = {
			isa = XCBuildConfiguration;
			buildSettings = {
				ALWAYS_EMBED_SWIFT_STANDARD_LIBRARIES = YES;
				BUNDLE_LOADER = "$(TEST_HOST)";
				CODE_SIGN_STYLE = Automatic;
				INFOPLIST_FILE = AspectOrientedProgrammingTests/Info.plist;
				LD_RUNPATH_SEARCH_PATHS = (
					"$(inherited)",
					"@executable_path/Frameworks",
					"@loader_path/Frameworks",
				);
				PRODUCT_BUNDLE_IDENTIFIER = bieshixuan.AspectOrientedProgrammingTests;
				PRODUCT_NAME = "$(TARGET_NAME)";
				SWIFT_VERSION = 4.0;
				TARGETED_DEVICE_FAMILY = "1,2";
				TEST_HOST = "$(BUILT_PRODUCTS_DIR)/AspectOrientedProgramming.app/AspectOrientedProgramming";
			};
			name = Release;
		};
		BD7A790B20EB4FE00093EB3B /* Debug */ = {
			isa = XCBuildConfiguration;
			buildSettings = {
				ALWAYS_EMBED_SWIFT_STANDARD_LIBRARIES = YES;
				CODE_SIGN_STYLE = Automatic;
				INFOPLIST_FILE = AspectOrientedProgrammingUITests/Info.plist;
				LD_RUNPATH_SEARCH_PATHS = (
					"$(inherited)",
					"@executable_path/Frameworks",
					"@loader_path/Frameworks",
				);
				PRODUCT_BUNDLE_IDENTIFIER = bieshixuan.AspectOrientedProgrammingUITests;
				PRODUCT_NAME = "$(TARGET_NAME)";
				SWIFT_VERSION = 4.0;
				TARGETED_DEVICE_FAMILY = "1,2";
				TEST_TARGET_NAME = AspectOrientedProgramming;
			};
			name = Debug;
		};
		BD7A790C20EB4FE00093EB3B /* Release */ = {
			isa = XCBuildConfiguration;
			buildSettings = {
				ALWAYS_EMBED_SWIFT_STANDARD_LIBRARIES = YES;
				CODE_SIGN_STYLE = Automatic;
				INFOPLIST_FILE = AspectOrientedProgrammingUITests/Info.plist;
				LD_RUNPATH_SEARCH_PATHS = (
					"$(inherited)",
					"@executable_path/Frameworks",
					"@loader_path/Frameworks",
				);
				PRODUCT_BUNDLE_IDENTIFIER = bieshixuan.AspectOrientedProgrammingUITests;
				PRODUCT_NAME = "$(TARGET_NAME)";
				SWIFT_VERSION = 4.0;
				TARGETED_DEVICE_FAMILY = "1,2";
				TEST_TARGET_NAME = AspectOrientedProgramming;
			};
			name = Release;
		};
/* End XCBuildConfiguration section */

/* Begin XCConfigurationList section */
		BD7A78D720EB4FDE0093EB3B /* Build configuration list for PBXProject "AspectOrientedProgramming" */ = {
			isa = XCConfigurationList;
			buildConfigurations = (
				BD7A790220EB4FE00093EB3B /* Debug */,
				BD7A790320EB4FE00093EB3B /* Release */,
			);
			defaultConfigurationIsVisible = 0;
			defaultConfigurationName = Release;
		};
		BD7A790420EB4FE00093EB3B /* Build configuration list for PBXNativeTarget "AspectOrientedProgramming" */ = {
			isa = XCConfigurationList;
			buildConfigurations = (
				BD7A790520EB4FE00093EB3B /* Debug */,
				BD7A790620EB4FE00093EB3B /* Release */,
			);
			defaultConfigurationIsVisible = 0;
			defaultConfigurationName = Release;
		};
		BD7A790720EB4FE00093EB3B /* Build configuration list for PBXNativeTarget "AspectOrientedProgrammingTests" */ = {
			isa = XCConfigurationList;
			buildConfigurations = (
				BD7A790820EB4FE00093EB3B /* Debug */,
				BD7A790920EB4FE00093EB3B /* Release */,
			);
			defaultConfigurationIsVisible = 0;
			defaultConfigurationName = Release;
		};
		BD7A790A20EB4FE00093EB3B /* Build configuration list for PBXNativeTarget "AspectOrientedProgrammingUITests" */ = {
			isa = XCConfigurationList;
			buildConfigurations = (
				BD7A790B20EB4FE00093EB3B /* Debug */,
				BD7A790C20EB4FE00093EB3B /* Release */,
			);
			defaultConfigurationIsVisible = 0;
			defaultConfigurationName = Release;
		};
/* End XCConfigurationList section */
	};
	rootObject = BD7A78D420EB4FDE0093EB3B /* Project object */;
}
